
Microsoft Visual Studio Solution File, Format Version 12.00
# Visual Studio Version 17
VisualStudioVersion = 17.10.34916.146
MinimumVisualStudioVersion = 10.0.40219.1
Project("{FAE04EC0-301F-11D3-BF4B-00C04F79EFBC}") = "Virtual Pet Simulation", "Virtual Pet Simulation\Virtual Pet Simulation.csproj", "{FCB33DB9-1861-415E-B78C-330D63CE81FF}"
EndProject
Global
	GlobalSection(SolutionConfigurationPlatforms) = preSolution
		Debug|Any CPU = Debug|Any CPU
		Release|Any CPU = Release|Any CPU
	EndGlobalSection
	GlobalSection(ProjectConfigurationPlatforms) = postSolution
		{FCB33DB9-1861-415E-B78C-330D63CE81FF}.Debug|Any CPU.ActiveCfg = Debug|Any CPU
		{FCB33DB9-1861-415E-B78C-330D63CE81FF}.Debug|Any CPU.Build.0 = Debug|Any CPU
		{FCB33DB9-1861-415E-B78C-330D63CE81FF}.Release|Any CPU.ActiveCfg = Release|Any CPU
		{FCB33DB9-1861-415E-B78C-330D63CE81FF}.Release|Any CPU.Build.0 = Release|Any CPU
	EndGlobalSection
	GlobalSection(SolutionProperties) = preSolution
		HideSolutionNode = FALSE
	EndGlobalSection
	GlobalSection(ExtensibilityGlobals) = postSolution
		SolutionGuid = {0CD6D296-4696-4157-AF69-D9C79679B1D5}
	EndGlobalSection
EndGlobal
